
Microsoft Visual Studio Solution File, Format Version 12.00
# Visual Studio Version 17
VisualStudioVersion = 17.8.34511.84
MinimumVisualStudioVersion = 10.0.40219.1
Project("{FAE04EC0-301F-11D3-BF4B-00C04F79EFBC}") = "MarioKart", "MarioKart\MarioKart.csproj", "{C577F138-ADCD-4FA1-BAD6-AFD595C7C44E}"
EndProject
Global
	GlobalSection(SolutionConfigurationPlatforms) = preSolution
		Debug|Any CPU = Debug|Any CPU
		Release|Any CPU = Release|Any CPU
	EndGlobalSection
	GlobalSection(ProjectConfigurationPlatforms) = postSolution
		{C577F138-ADCD-4FA1-BAD6-AFD595C7C44E}.Debug|Any CPU.ActiveCfg = Debug|Any CPU
		{C577F138-ADCD-4FA1-BAD6-AFD595C7C44E}.Debug|Any CPU.Build.0 = Debug|Any CPU
		{C577F138-ADCD-4FA1-BAD6-AFD595C7C44E}.Release|Any CPU.ActiveCfg = Release|Any CPU
		{C577F138-ADCD-4FA1-BAD6-AFD595C7C44E}.Release|Any CPU.Build.0 = Release|Any CPU
	EndGlobalSection
	GlobalSection(SolutionProperties) = preSolution
		HideSolutionNode = FALSE
	EndGlobalSection
	GlobalSection(ExtensibilityGlobals) = postSolution
		SolutionGuid = {034623DF-6F70-4228-A734-96251A7A97ED}
	EndGlobalSection
EndGlobal
